<?xml version="1.0" encoding="UTF-8"?>
<Scheme LastUpgradeVersion="2700" version="1.7"><BuildAction parallelizeBuildables="YES" buildImplicitDependencies="YES"><BuildActionEntries><BuildActionEntry buildForTesting="YES" buildForRunning="YES" buildForProfiling="YES" buildForArchiving="YES" buildForAnalyzing="YES"><BuildableReference BuildableIdentifier="primary" BlueprintIdentifier="9BD134612D832C548B6F3ACB" BuildableName="ArcaeaOffline.app" BlueprintName="ArcaeaOffline" ReferencedContainer="container:ArcaeaOffline.xcodeproj"/></BuildActionEntry></BuildActionEntries></BuildAction><TestAction buildConfiguration="Debug" selectedDebuggerIdentifier="Xcode.DebuggerFoundation.Debugger.LLDB" selectedLauncherIdentifier="Xcode.IDEFoundation.Launcher.LLDB" shouldUseLaunchSchemeArgsEnv="YES"><Testables><TestableReference skipped="NO"><BuildableReference BuildableIdentifier="primary" BlueprintIdentifier="3408525D12599AD381A76C73" BuildableName="ArcaeaOfflineTests.xctest" BlueprintName="ArcaeaOfflineTests" ReferencedContainer="container:ArcaeaOffline.xcodeproj"/></TestableReference><TestableReference skipped="NO"><BuildableReference BuildableIdentifier="primary" BlueprintIdentifier="FE06E300AE1F6069C8648AD4" BuildableName="ArcaeaOfflineUITests.xctest" BlueprintName="ArcaeaOfflineUITests" ReferencedContainer="container:ArcaeaOffline.xcodeproj"/></TestableReference></Testables></TestAction><LaunchAction buildConfiguration="Debug" selectedDebuggerIdentifier="Xcode.DebuggerFoundation.Debugger.LLDB" selectedLauncherIdentifier="Xcode.IDEFoundation.Launcher.LLDB" launchStyle="0" useCustomWorkingDirectory="NO" ignoresPersistentStateOnLaunch="NO" debugServiceExtension="internal" allowLocationSimulation="YES"><BuildableProductRunnable runnableDebuggingMode="0"><BuildableReference BuildableIdentifier="primary" BlueprintIdentifier="9BD134612D832C548B6F3ACB" BuildableName="ArcaeaOffline.app" BlueprintName="ArcaeaOffline" ReferencedContainer="container:ArcaeaOffline.xcodeproj"/></BuildableProductRunnable></LaunchAction><ProfileAction buildConfiguration="Release" shouldUseLaunchSchemeArgsEnv="YES" savedToolIdentifier="" useCustomWorkingDirectory="NO"><BuildableProductRunnable runnableDebuggingMode="0"><BuildableReference BuildableIdentifier="primary" BlueprintIdentifier="9BD134612D832C548B6F3ACB" BuildableName="ArcaeaOffline.app" BlueprintName="ArcaeaOffline" ReferencedContainer="container:ArcaeaOffline.xcodeproj"/></BuildableProductRunnable></ProfileAction><AnalyzeAction buildConfiguration="Debug"/><ArchiveAction buildConfiguration="Release" revealArchiveInOrganizer="YES"/></Scheme>