// !$*UTF8*$!
{ archiveVersion = 1; classes = {}; objectVersion = 60; objects = {
8C5B34DB2C410480C783359A = { isa = PBXFileReference; lastKnownFileType = sourcecode.swift; path = "ArcaeaOffline/App/ArcaeaOfflineApp.swift"; sourceTree = SOURCE_ROOT; };
43589C2058762BB739FFF9FE = { isa = PBXFileReference; lastKnownFileType = sourcecode.swift; path = "ArcaeaOffline/App/ArchiveLocation.swift"; sourceTree = SOURCE_ROOT; };
CBBC357404F1F816E1A89A90 = { isa = PBXFileReference; lastKnownFileType = sourcecode.swift; path = "ArcaeaOffline/App/ArchiveModel.swift"; sourceTree = SOURCE_ROOT; };
4A365B77E0EC64B4AE671ABA = { isa = PBXFileReference; lastKnownFileType = sourcecode.swift; path = "ArcaeaOffline/App/DisplayFormat.swift"; sourceTree = SOURCE_ROOT; };
5BB62A6F4661C4B0C8318771 = { isa = PBXFileReference; lastKnownFileType = sourcecode.swift; path = "ArcaeaOffline/App/HistorySampler.swift"; sourceTree = SOURCE_ROOT; };
91CC65EC4124DC78966C3B1B = { isa = PBXFileReference; lastKnownFileType = sourcecode.swift; path = "ArcaeaOffline/App/RootView.swift"; sourceTree = SOURCE_ROOT; };
E8037B6D91F66DC4093A4D52 = { isa = PBXFileReference; lastKnownFileType = sourcecode.swift; path = "ArcaeaOffline/Features/Export/ScoreExportService.swift"; sourceTree = SOURCE_ROOT; };
8D846FEFD437CFFF3FCCF029 = { isa = PBXFileReference; lastKnownFileType = sourcecode.swift; path = "ArcaeaOffline/Features/Overview/OverviewView.swift"; sourceTree = SOURCE_ROOT; };
AB70DE0B682713847A1B8718 = { isa = PBXFileReference; lastKnownFileType = sourcecode.swift; path = "ArcaeaOffline/Features/Potential/PotentialView.swift"; sourceTree = SOURCE_ROOT; };
C29D2A1364714A4E25F5A372 = { isa = PBXFileReference; lastKnownFileType = sourcecode.swift; path = "ArcaeaOffline/Features/Recent/RecentView.swift"; sourceTree = SOURCE_ROOT; };
4C86012080EFDFF9E9A3118C = { isa = PBXFileReference; lastKnownFileType = sourcecode.swift; path = "ArcaeaOffline/Features/Scores/ScoreDetailView.swift"; sourceTree = SOURCE_ROOT; };
638AE3B08A54B87838B04B50 = { isa = PBXFileReference; lastKnownFileType = sourcecode.swift; path = "ArcaeaOffline/Features/Scores/ScoreEditorView.swift"; sourceTree = SOURCE_ROOT; };
05B53D41A56FCDDA38EAD244 = { isa = PBXFileReference; lastKnownFileType = sourcecode.swift; path = "ArcaeaOffline/Features/Scores/ScoresView.swift"; sourceTree = SOURCE_ROOT; };
0FBE1D32FE018FD07E3C449E = { isa = PBXFileReference; lastKnownFileType = sourcecode.swift; path = "ArcaeaOffline/Features/Settings/AccountSettingsSections.swift"; sourceTree = SOURCE_ROOT; };
8CFBC541869236B38D71D0B0 = { isa = PBXFileReference; lastKnownFileType = sourcecode.swift; path = "ArcaeaOffline/Features/Settings/BackupRestoreReview.swift"; sourceTree = SOURCE_ROOT; };
47EEED1A8EB38D984F4E88F8 = { isa = PBXFileReference; lastKnownFileType = sourcecode.swift; path = "ArcaeaOffline/Features/Settings/DiagnosticsView.swift"; sourceTree = SOURCE_ROOT; };
347648B6168636BA32974367 = { isa = PBXFileReference; lastKnownFileType = sourcecode.swift; path = "ArcaeaOffline/Features/Settings/SettingsView.swift"; sourceTree = SOURCE_ROOT; };
CF6F02213919EDF2F28E78D2 = { isa = PBXFileReference; lastKnownFileType = sourcecode.swift; path = "ArcaeaOffline/Intents/ArcaeaOfflineShortcuts.swift"; sourceTree = SOURCE_ROOT; };
D9FCD3D795A5E4F24320AFF1 = { isa = PBXFileReference; lastKnownFileType = sourcecode.swift; path = "ArcaeaOffline/Intents/ConfigureBurnerIntent.swift"; sourceTree = SOURCE_ROOT; };
FFBB8F6DF0E7E11243DEDEC2 = { isa = PBXFileReference; lastKnownFileType = sourcecode.swift; path = "ArcaeaOffline/Intents/FetchRecentPlayIntent.swift"; sourceTree = SOURCE_ROOT; };
7FA5CA7AD06F707E037C9212 = { isa = PBXFileReference; lastKnownFileType = sourcecode.swift; path = "ArcaeaOffline/Intents/GetTrackingStatusIntent.swift"; sourceTree = SOURCE_ROOT; };
9FC4F31C2354F26C77DB0464 = { isa = PBXFileReference; lastKnownFileType = sourcecode.swift; path = "ArcaeaOffline/Intents/SetTrackingActiveIntent.swift"; sourceTree = SOURCE_ROOT; };
BC5B0A0539D7163C1BBCF35F = { isa = PBXFileReference; lastKnownFileType = sourcecode.swift; path = "ArcaeaOffline/Networking/KeychainSessionStore.swift"; sourceTree = SOURCE_ROOT; };
F755BF8B50B7DA42551599B2 = { isa = PBXFileReference; lastKnownFileType = sourcecode.swift; path = "ArcaeaOffline/Networking/OfficialLoginBridge.swift"; sourceTree = SOURCE_ROOT; };
64E8F049002F40B74E4F6B88 = { isa = PBXFileReference; lastKnownFileType = sourcecode.swift; path = "ArcaeaOffline/Networking/OnlineRuntime.swift"; sourceTree = SOURCE_ROOT; };
CE069FFFE13321530B7643B0 = { isa = PBXFileReference; lastKnownFileType = sourcecode.swift; path = "ArcaeaOfflineTests/ArchiveModelTests.swift"; sourceTree = SOURCE_ROOT; };
3483E9CB3E416DF3D8B6718E = { isa = PBXFileReference; lastKnownFileType = sourcecode.swift; path = "ArcaeaOfflineTests/BackupReviewTests.swift"; sourceTree = SOURCE_ROOT; };
D5DD08C3E3AF770E01953C47 = { isa = PBXFileReference; lastKnownFileType = sourcecode.swift; path = "ArcaeaOfflineTests/ExportTests.swift"; sourceTree = SOURCE_ROOT; };
CD7FC59D45155046DA0EA18F = { isa = PBXFileReference; lastKnownFileType = sourcecode.swift; path = "ArcaeaOfflineTests/HistorySamplerTests.swift"; sourceTree = SOURCE_ROOT; };
8372CD673B4B6B46DD3B9DE7 = { isa = PBXFileReference; lastKnownFileType = sourcecode.swift; path = "ArcaeaOfflineTests/IntentTests.swift"; sourceTree = SOURCE_ROOT; };
CC27D5BFE58B4F281F011AFD = { isa = PBXFileReference; lastKnownFileType = sourcecode.swift; path = "ArcaeaOfflineTests/OnlineRuntimeTests.swift"; sourceTree = SOURCE_ROOT; };
EE981892CCB70A073CF6E67A = { isa = PBXFileReference; lastKnownFileType = sourcecode.swift; path = "ArcaeaOfflineUITests/OfflineFlowTests.swift"; sourceTree = SOURCE_ROOT; };
3685E330EC5277A9DD5661C6 = { isa = PBXFileReference; lastKnownFileType = folder.assetcatalog; path = ArcaeaOffline/Resources/Assets.xcassets; sourceTree = SOURCE_ROOT; };
7CF027D9806F3B29312A66DD = { isa = PBXFileReference; explicitFileType = wrapper.application; includeInIndex = 0; path = "ArcaeaOffline.app"; sourceTree = BUILT_PRODUCTS_DIR; };
E434C834888EE94D9651E64E = { isa = PBXBuildFile; fileRef = 8C5B34DB2C410480C783359A; };
1E66949A0FEB923974B93C08 = { isa = PBXBuildFile; fileRef = 43589C2058762BB739FFF9FE; };
4256AF66C3721224A47E690E = { isa = PBXBuildFile; fileRef = CBBC357404F1F816E1A89A90; };
30FF7D019CFE68E073D0A06F = { isa = PBXBuildFile; fileRef = 4A365B77E0EC64B4AE671ABA; };
D41531A3EDDF702893ECE44F = { isa = PBXBuildFile; fileRef = 5BB62A6F4661C4B0C8318771; };
D52A901426C7027A6388D00D = { isa = PBXBuildFile; fileRef = 91CC65EC4124DC78966C3B1B; };
9C7E661B1C5A67043E16861D = { isa = PBXBuildFile; fileRef = E8037B6D91F66DC4093A4D52; };
6ECC3216600D5AEEFE97781D = { isa = PBXBuildFile; fileRef = 8D846FEFD437CFFF3FCCF029; };
7A3B4C416F107E62672B7633 = { isa = PBXBuildFile; fileRef = AB70DE0B682713847A1B8718; };
A58E002E513A542F0116E383 = { isa = PBXBuildFile; fileRef = C29D2A1364714A4E25F5A372; };
5102C2E2303504858E636E7A = { isa = PBXBuildFile; fileRef = 4C86012080EFDFF9E9A3118C; };
379086034DD9EA3CBD338511 = { isa = PBXBuildFile; fileRef = 638AE3B08A54B87838B04B50; };
D1DEFBF76465C6B74CA94835 = { isa = PBXBuildFile; fileRef = 05B53D41A56FCDDA38EAD244; };
A2B57B5304D1190B9DE899F3 = { isa = PBXBuildFile; fileRef = 0FBE1D32FE018FD07E3C449E; };
6B11C9909B781B0AF48FD18C = { isa = PBXBuildFile; fileRef = 8CFBC541869236B38D71D0B0; };
D2B5A85682908648F4722280 = { isa = PBXBuildFile; fileRef = 47EEED1A8EB38D984F4E88F8; };
03733162C15CED5B43F409A9 = { isa = PBXBuildFile; fileRef = 347648B6168636BA32974367; };
4DF1815728F8D5CFB14FDDD6 = { isa = PBXBuildFile; fileRef = CF6F02213919EDF2F28E78D2; };
1C9F0A46FE3FF5F1128C2374 = { isa = PBXBuildFile; fileRef = D9FCD3D795A5E4F24320AFF1; };
7C459F51F0B1557ABE7A4751 = { isa = PBXBuildFile; fileRef = FFBB8F6DF0E7E11243DEDEC2; };
466DB3BEDA0B7259C93AD4A6 = { isa = PBXBuildFile; fileRef = 7FA5CA7AD06F707E037C9212; };
E069633A7F183D7210E92C80 = { isa = PBXBuildFile; fileRef = 9FC4F31C2354F26C77DB0464; };
8AD3F621CE587DFCEB1220D6 = { isa = PBXBuildFile; fileRef = BC5B0A0539D7163C1BBCF35F; };
2C210B54A8B1DF90B52104BE = { isa = PBXBuildFile; fileRef = F755BF8B50B7DA42551599B2; };
AE80D012884FDD2189ECBB8A = { isa = PBXBuildFile; fileRef = 64E8F049002F40B74E4F6B88; };
E46D37EE9675A2C07D215810 = { isa = PBXSourcesBuildPhase; buildActionMask = 2147483647; files = (E434C834888EE94D9651E64E,1E66949A0FEB923974B93C08,4256AF66C3721224A47E690E,30FF7D019CFE68E073D0A06F,D41531A3EDDF702893ECE44F,D52A901426C7027A6388D00D,9C7E661B1C5A67043E16861D,6ECC3216600D5AEEFE97781D,7A3B4C416F107E62672B7633,A58E002E513A542F0116E383,5102C2E2303504858E636E7A,379086034DD9EA3CBD338511,D1DEFBF76465C6B74CA94835,A2B57B5304D1190B9DE899F3,6B11C9909B781B0AF48FD18C,D2B5A85682908648F4722280,03733162C15CED5B43F409A9,4DF1815728F8D5CFB14FDDD6,1C9F0A46FE3FF5F1128C2374,7C459F51F0B1557ABE7A4751,466DB3BEDA0B7259C93AD4A6,E069633A7F183D7210E92C80,8AD3F621CE587DFCEB1220D6,2C210B54A8B1DF90B52104BE,AE80D012884FDD2189ECBB8A); runOnlyForDeploymentPostprocessing = 0; };
CF8A4D27E1C506A7C75A76BE = { isa = PBXBuildFile; fileRef = 3685E330EC5277A9DD5661C6; };
840ED66E14663E2CC160ACA1 = { isa = PBXResourcesBuildPhase; buildActionMask = 2147483647; files = (CF8A4D27E1C506A7C75A76BE); runOnlyForDeploymentPostprocessing = 0; };
D8C26EE28CE69CF74DEBD98C = { isa = XCSwiftPackageProductDependency; package = 004F5C8985406D00AEAD933A; productName = ArcaeaCore; };
EA16BA26EAF828962A26DAE2 = { isa = PBXBuildFile; productRef = D8C26EE28CE69CF74DEBD98C; };
59274B3BA2D8786C58750316 = { isa = PBXFrameworksBuildPhase; buildActionMask = 2147483647; files = (EA16BA26EAF828962A26DAE2); runOnlyForDeploymentPostprocessing = 0; };
512F5752A71843DCA1C10A5E = { isa = XCBuildConfiguration; buildSettings = {PRODUCT_NAME = "$(TARGET_NAME)"; PRODUCT_BUNDLE_IDENTIFIER = "app.arcaeaoffline"; IPHONEOS_DEPLOYMENT_TARGET = "18.0"; TARGETED_DEVICE_FAMILY = "1,2"; GENERATE_INFOPLIST_FILE = "YES"; SWIFT_VERSION = "6.0"; CODE_SIGN_STYLE = "Automatic"; CURRENT_PROJECT_VERSION = "1"; MARKETING_VERSION = "0.1.0"; SDKROOT = "iphoneos"; SUPPORTED_PLATFORMS = "iphoneos iphonesimulator"; SWIFT_STRICT_CONCURRENCY = "complete"; INFOPLIST_KEY_CFBundleDisplayName = "Arcaea Offline"; INFOPLIST_KEY_UILaunchScreen_Generation = "YES"; INFOPLIST_KEY_UIApplicationSceneManifest_Generation = "YES"; INFOPLIST_KEY_UISupportedInterfaceOrientations = "UIInterfaceOrientationPortrait UIInterfaceOrientationLandscapeLeft UIInterfaceOrientationLandscapeRight"; INFOPLIST_KEY_UISupportedInterfaceOrientations_iPad = "UIInterfaceOrientationPortrait UIInterfaceOrientationPortraitUpsideDown UIInterfaceOrientationLandscapeLeft UIInterfaceOrientationLandscapeRight"; ASSETCATALOG_COMPILER_GLOBAL_ACCENT_COLOR_NAME = "AccentColor"; ASSETCATALOG_COMPILER_APPICON_NAME = "AppIcon"; ENABLE_PREVIEWS = "YES"; SWIFT_OPTIMIZATION_LEVEL = "-Onone"; SWIFT_ACTIVE_COMPILATION_CONDITIONS = "DEBUG"; ONLY_ACTIVE_ARCH = "YES"; ENABLE_TESTABILITY = "YES";}; name = Debug; };
7552E3CCBE888AA683164587 = { isa = XCBuildConfiguration; buildSettings = {PRODUCT_NAME = "$(TARGET_NAME)"; PRODUCT_BUNDLE_IDENTIFIER = "app.arcaeaoffline"; IPHONEOS_DEPLOYMENT_TARGET = "18.0"; TARGETED_DEVICE_FAMILY = "1,2"; GENERATE_INFOPLIST_FILE = "YES"; SWIFT_VERSION = "6.0"; CODE_SIGN_STYLE = "Automatic"; CURRENT_PROJECT_VERSION = "1"; MARKETING_VERSION = "0.1.0"; SDKROOT = "iphoneos"; SUPPORTED_PLATFORMS = "iphoneos iphonesimulator"; SWIFT_STRICT_CONCURRENCY = "complete"; INFOPLIST_KEY_CFBundleDisplayName = "Arcaea Offline"; INFOPLIST_KEY_UILaunchScreen_Generation = "YES"; INFOPLIST_KEY_UIApplicationSceneManifest_Generation = "YES"; INFOPLIST_KEY_UISupportedInterfaceOrientations = "UIInterfaceOrientationPortrait UIInterfaceOrientationLandscapeLeft UIInterfaceOrientationLandscapeRight"; INFOPLIST_KEY_UISupportedInterfaceOrientations_iPad = "UIInterfaceOrientationPortrait UIInterfaceOrientationPortraitUpsideDown UIInterfaceOrientationLandscapeLeft UIInterfaceOrientationLandscapeRight"; ASSETCATALOG_COMPILER_GLOBAL_ACCENT_COLOR_NAME = "AccentColor"; ASSETCATALOG_COMPILER_APPICON_NAME = "AppIcon"; ENABLE_PREVIEWS = "YES";}; name = Release; };
B6FF89CE0343FCCAFB530CC7 = { isa = XCConfigurationList; buildConfigurations = (512F5752A71843DCA1C10A5E,7552E3CCBE888AA683164587); defaultConfigurationIsVisible = 0; defaultConfigurationName = Release; };
9BD134612D832C548B6F3ACB = { isa = PBXNativeTarget; buildConfigurationList = B6FF89CE0343FCCAFB530CC7; buildPhases = (E46D37EE9675A2C07D215810,59274B3BA2D8786C58750316,840ED66E14663E2CC160ACA1); buildRules = (); dependencies = (); name = ArcaeaOffline; packageProductDependencies = (D8C26EE28CE69CF74DEBD98C); productName = ArcaeaOffline; productReference = 7CF027D9806F3B29312A66DD; productType = "com.apple.product-type.application"; };
E48A602AE3CA61F0CE53A455 = { isa = PBXFileReference; explicitFileType = wrapper.cfbundle; includeInIndex = 0; path = "ArcaeaOfflineTests.xctest"; sourceTree = BUILT_PRODUCTS_DIR; };
C5A50A1C3A6D210A802EBD79 = { isa = PBXBuildFile; fileRef = CE069FFFE13321530B7643B0; };
42144C328A257AB030CFB592 = { isa = PBXBuildFile; fileRef = 3483E9CB3E416DF3D8B6718E; };
D1F94CC8C7D33ED754C9C13B = { isa = PBXBuildFile; fileRef = D5DD08C3E3AF770E01953C47; };
F6CC92570EE7139C597DC432 = { isa = PBXBuildFile; fileRef = CD7FC59D45155046DA0EA18F; };
49ED0D919F90DF53FF20BC15 = { isa = PBXBuildFile; fileRef = 8372CD673B4B6B46DD3B9DE7; };
CE7882B5CD66B08319F56820 = { isa = PBXBuildFile; fileRef = CC27D5BFE58B4F281F011AFD; };
D76846B1F3CB3412C7BDF95A = { isa = PBXSourcesBuildPhase; buildActionMask = 2147483647; files = (C5A50A1C3A6D210A802EBD79,42144C328A257AB030CFB592,D1F94CC8C7D33ED754C9C13B,F6CC92570EE7139C597DC432,49ED0D919F90DF53FF20BC15,CE7882B5CD66B08319F56820); runOnlyForDeploymentPostprocessing = 0; };
8E184EA6C148A185191A1E91 = { isa = PBXResourcesBuildPhase; buildActionMask = 2147483647; files = (); runOnlyForDeploymentPostprocessing = 0; };
1DB249F5C7FDFDE623D40341 = { isa = XCSwiftPackageProductDependency; package = 004F5C8985406D00AEAD933A; productName = ArcaeaCore; };
EEA7C7DD774B38317D34B3CB = { isa = PBXBuildFile; productRef = 1DB249F5C7FDFDE623D40341; };
0A55A1FC3458E81F90E5F73C = { isa = PBXFrameworksBuildPhase; buildActionMask = 2147483647; files = (EEA7C7DD774B38317D34B3CB); runOnlyForDeploymentPostprocessing = 0; };
6B54980BE76583CD5C41D61C = { isa = XCBuildConfiguration; buildSettings = {PRODUCT_NAME = "$(TARGET_NAME)"; PRODUCT_BUNDLE_IDENTIFIER = "app.arcaeaoffline.tests"; IPHONEOS_DEPLOYMENT_TARGET = "18.0"; TARGETED_DEVICE_FAMILY = "1,2"; GENERATE_INFOPLIST_FILE = "YES"; SWIFT_VERSION = "6.0"; CODE_SIGN_STYLE = "Automatic"; CURRENT_PROJECT_VERSION = "1"; MARKETING_VERSION = "0.1.0"; SDKROOT = "iphoneos"; SUPPORTED_PLATFORMS = "iphoneos iphonesimulator"; SWIFT_STRICT_CONCURRENCY = "complete"; TEST_HOST = "$(BUILT_PRODUCTS_DIR)/ArcaeaOffline.app/$(BUNDLE_EXECUTABLE_FOLDER_PATH)/ArcaeaOffline"; BUNDLE_LOADER = "$(TEST_HOST)"; SWIFT_OPTIMIZATION_LEVEL = "-Onone"; SWIFT_ACTIVE_COMPILATION_CONDITIONS = "DEBUG"; ONLY_ACTIVE_ARCH = "YES"; ENABLE_TESTABILITY = "YES";}; name = Debug; };
2E0114213885716E04B904AB = { isa = XCBuildConfiguration; buildSettings = {PRODUCT_NAME = "$(TARGET_NAME)"; PRODUCT_BUNDLE_IDENTIFIER = "app.arcaeaoffline.tests"; IPHONEOS_DEPLOYMENT_TARGET = "18.0"; TARGETED_DEVICE_FAMILY = "1,2"; GENERATE_INFOPLIST_FILE = "YES"; SWIFT_VERSION = "6.0"; CODE_SIGN_STYLE = "Automatic"; CURRENT_PROJECT_VERSION = "1"; MARKETING_VERSION = "0.1.0"; SDKROOT = "iphoneos"; SUPPORTED_PLATFORMS = "iphoneos iphonesimulator"; SWIFT_STRICT_CONCURRENCY = "complete"; TEST_HOST = "$(BUILT_PRODUCTS_DIR)/ArcaeaOffline.app/$(BUNDLE_EXECUTABLE_FOLDER_PATH)/ArcaeaOffline"; BUNDLE_LOADER = "$(TEST_HOST)";}; name = Release; };
158252FCB5A8AF565FD13828 = { isa = XCConfigurationList; buildConfigurations = (6B54980BE76583CD5C41D61C,2E0114213885716E04B904AB); defaultConfigurationIsVisible = 0; defaultConfigurationName = Release; };
EBD282251800D400B91A1B07 = { isa = PBXContainerItemProxy; containerPortal = 98F54143AB4E86B28C3AFEE0; proxyType = 1; remoteGlobalIDString = 9BD134612D832C548B6F3ACB; remoteInfo = ArcaeaOffline; };
8046CD058F9431991D647ADA = { isa = PBXTargetDependency; target = 9BD134612D832C548B6F3ACB; targetProxy = EBD282251800D400B91A1B07; };
3408525D12599AD381A76C73 = { isa = PBXNativeTarget; buildConfigurationList = 158252FCB5A8AF565FD13828; buildPhases = (D76846B1F3CB3412C7BDF95A,0A55A1FC3458E81F90E5F73C,8E184EA6C148A185191A1E91); buildRules = (); dependencies = (8046CD058F9431991D647ADA); name = ArcaeaOfflineTests; packageProductDependencies = (1DB249F5C7FDFDE623D40341); productName = ArcaeaOfflineTests; productReference = E48A602AE3CA61F0CE53A455; productType = "com.apple.product-type.bundle.unit-test"; };
6DAA81FA45551051E35F22F9 = { isa = PBXFileReference; explicitFileType = wrapper.cfbundle; includeInIndex = 0; path = "ArcaeaOfflineUITests.xctest"; sourceTree = BUILT_PRODUCTS_DIR; };
930FA723CFF8E990C8A7B001 = { isa = PBXBuildFile; fileRef = EE981892CCB70A073CF6E67A; };
6D7F64907D6DE791D8C95752 = { isa = PBXSourcesBuildPhase; buildActionMask = 2147483647; files = (930FA723CFF8E990C8A7B001); runOnlyForDeploymentPostprocessing = 0; };
E4262E4BC782597BE04F879F = { isa = PBXResourcesBuildPhase; buildActionMask = 2147483647; files = (); runOnlyForDeploymentPostprocessing = 0; };
B405C3D8FD83FCEBD7354C5F = { isa = PBXFrameworksBuildPhase; buildActionMask = 2147483647; files = (); runOnlyForDeploymentPostprocessing = 0; };
E58F33B0BE75A98611DADA49 = { isa = XCBuildConfiguration; buildSettings = {PRODUCT_NAME = "$(TARGET_NAME)"; PRODUCT_BUNDLE_IDENTIFIER = "app.arcaeaoffline.uitests"; IPHONEOS_DEPLOYMENT_TARGET = "18.0"; TARGETED_DEVICE_FAMILY = "1,2"; GENERATE_INFOPLIST_FILE = "YES"; SWIFT_VERSION = "6.0"; CODE_SIGN_STYLE = "Automatic"; CURRENT_PROJECT_VERSION = "1"; MARKETING_VERSION = "0.1.0"; SDKROOT = "iphoneos"; SUPPORTED_PLATFORMS = "iphoneos iphonesimulator"; SWIFT_STRICT_CONCURRENCY = "complete"; TEST_TARGET_NAME = "ArcaeaOffline"; SWIFT_OPTIMIZATION_LEVEL = "-Onone"; SWIFT_ACTIVE_COMPILATION_CONDITIONS = "DEBUG"; ONLY_ACTIVE_ARCH = "YES"; ENABLE_TESTABILITY = "YES";}; name = Debug; };
10B0BE4C832D4A2A6F58761B = { isa = XCBuildConfiguration; buildSettings = {PRODUCT_NAME = "$(TARGET_NAME)"; PRODUCT_BUNDLE_IDENTIFIER = "app.arcaeaoffline.uitests"; IPHONEOS_DEPLOYMENT_TARGET = "18.0"; TARGETED_DEVICE_FAMILY = "1,2"; GENERATE_INFOPLIST_FILE = "YES"; SWIFT_VERSION = "6.0"; CODE_SIGN_STYLE = "Automatic"; CURRENT_PROJECT_VERSION = "1"; MARKETING_VERSION = "0.1.0"; SDKROOT = "iphoneos"; SUPPORTED_PLATFORMS = "iphoneos iphonesimulator"; SWIFT_STRICT_CONCURRENCY = "complete"; TEST_TARGET_NAME = "ArcaeaOffline";}; name = Release; };
5A6A18DC7F7ECED707A7128C = { isa = XCConfigurationList; buildConfigurations = (E58F33B0BE75A98611DADA49,10B0BE4C832D4A2A6F58761B); defaultConfigurationIsVisible = 0; defaultConfigurationName = Release; };
190883A3DFC75A4A2703650D = { isa = PBXContainerItemProxy; containerPortal = 98F54143AB4E86B28C3AFEE0; proxyType = 1; remoteGlobalIDString = 9BD134612D832C548B6F3ACB; remoteInfo = ArcaeaOffline; };
C0352CEE2CF4C20E613E3E61 = { isa = PBXTargetDependency; target = 9BD134612D832C548B6F3ACB; targetProxy = 190883A3DFC75A4A2703650D; };
FE06E300AE1F6069C8648AD4 = { isa = PBXNativeTarget; buildConfigurationList = 5A6A18DC7F7ECED707A7128C; buildPhases = (6D7F64907D6DE791D8C95752,B405C3D8FD83FCEBD7354C5F,E4262E4BC782597BE04F879F); buildRules = (); dependencies = (C0352CEE2CF4C20E613E3E61); name = ArcaeaOfflineUITests; packageProductDependencies = (); productName = ArcaeaOfflineUITests; productReference = 6DAA81FA45551051E35F22F9; productType = "com.apple.product-type.bundle.ui-testing"; };
FBDC4F23F93125BBEEAE800C = { isa = PBXGroup; children = (7CF027D9806F3B29312A66DD,E48A602AE3CA61F0CE53A455,6DAA81FA45551051E35F22F9); name = Products; sourceTree = "<group>"; };
B28B7AF69320201D1CF206EB = { isa = PBXGroup; children = (8C5B34DB2C410480C783359A,43589C2058762BB739FFF9FE,CBBC357404F1F816E1A89A90,4A365B77E0EC64B4AE671ABA,5BB62A6F4661C4B0C8318771,91CC65EC4124DC78966C3B1B,E8037B6D91F66DC4093A4D52,8D846FEFD437CFFF3FCCF029,AB70DE0B682713847A1B8718,C29D2A1364714A4E25F5A372,4C86012080EFDFF9E9A3118C,638AE3B08A54B87838B04B50,05B53D41A56FCDDA38EAD244,0FBE1D32FE018FD07E3C449E,8CFBC541869236B38D71D0B0,47EEED1A8EB38D984F4E88F8,347648B6168636BA32974367,CF6F02213919EDF2F28E78D2,D9FCD3D795A5E4F24320AFF1,FFBB8F6DF0E7E11243DEDEC2,7FA5CA7AD06F707E037C9212,9FC4F31C2354F26C77DB0464,BC5B0A0539D7163C1BBCF35F,F755BF8B50B7DA42551599B2,64E8F049002F40B74E4F6B88,CE069FFFE13321530B7643B0,3483E9CB3E416DF3D8B6718E,D5DD08C3E3AF770E01953C47,CD7FC59D45155046DA0EA18F,8372CD673B4B6B46DD3B9DE7,CC27D5BFE58B4F281F011AFD,EE981892CCB70A073CF6E67A,3685E330EC5277A9DD5661C6,FBDC4F23F93125BBEEAE800C); sourceTree = "<group>"; };
83AA6B05946AC6F490664314 = { isa = XCBuildConfiguration; buildSettings = { CLANG_ENABLE_MODULES = YES; CLANG_ENABLE_OBJC_ARC = YES; GCC_C_LANGUAGE_STANDARD = gnu17; }; name = Debug; };
DDF453236C06D648B2AFCEDD = { isa = XCBuildConfiguration; buildSettings = { CLANG_ENABLE_MODULES = YES; CLANG_ENABLE_OBJC_ARC = YES; GCC_C_LANGUAGE_STANDARD = gnu17; }; name = Release; };
76C62DB0992CFD54C2A01F69 = { isa = XCConfigurationList; buildConfigurations = (83AA6B05946AC6F490664314,DDF453236C06D648B2AFCEDD); defaultConfigurationIsVisible = 0; defaultConfigurationName = Release; };
004F5C8985406D00AEAD933A = { isa = XCLocalSwiftPackageReference; relativePath = Packages/ArcaeaCore; };
98F54143AB4E86B28C3AFEE0 = { isa = PBXProject; attributes = { LastUpgradeCheck = 2700; TargetAttributes = { 3408525D12599AD381A76C73 = { TestTargetID = 9BD134612D832C548B6F3ACB; }; FE06E300AE1F6069C8648AD4 = { TestTargetID = 9BD134612D832C548B6F3ACB; }; }; }; buildConfigurationList = 76C62DB0992CFD54C2A01F69; compatibilityVersion = "Xcode 15.0"; developmentRegion = en; hasScannedForEncodings = 0; knownRegions = (en, Base); mainGroup = B28B7AF69320201D1CF206EB; productRefGroup = FBDC4F23F93125BBEEAE800C; projectDirPath = ""; projectRoot = ""; packageReferences = (004F5C8985406D00AEAD933A); targets = (9BD134612D832C548B6F3ACB,3408525D12599AD381A76C73,FE06E300AE1F6069C8648AD4); };
}; rootObject = 98F54143AB4E86B28C3AFEE0; }
